
Microsoft Visual Studio Solution File, Format Version 12.00
# Visual Studio 15
Project("{FAE04EC0-301F-11D3-BF4B-00C04F79EFBC}") = "Assembly-CSharp", "Assembly-CSharp.csproj", "{D227415E-77DD-270E-D343-0F2C419A89D1}"
EndProject
Project("{FAE04EC0-301F-11D3-BF4B-00C04F79EFBC}") = "Assembly-CSharp-Editor", "Assembly-CSharp-Editor.csproj", "{CD422531-1B80-1C08-A031-EA2212CEFFFB}"
EndProject
Global
	GlobalSection(SolutionConfigurationPlatforms) = preSolution
		Debug|Any CPU = Debug|Any CPU
		Release|Any CPU = Release|Any CPU
	EndGlobalSection
	GlobalSection(ProjectConfigurationPlatforms) = postSolution
		{D227415E-77DD-270E-D343-0F2C419A89D1}.Debug|Any CPU.ActiveCfg = Debug|Any CPU
		{D227415E-77DD-270E-D343-0F2C419A89D1}.Debug|Any CPU.Build.0 = Debug|Any CPU
		{D227415E-77DD-270E-D343-0F2C419A89D1}.Release|Any CPU.ActiveCfg = Release|Any CPU
		{D227415E-77DD-270E-D343-0F2C419A89D1}.Release|Any CPU.Build.0 = Release|Any CPU
		{CD422531-1B80-1C08-A031-EA2212CEFFFB}.Debug|Any CPU.ActiveCfg = Debug|Any CPU
		{CD422531-1B80-1C08-A031-EA2212CEFFFB}.Debug|Any CPU.Build.0 = Debug|Any CPU
		{CD422531-1B80-1C08-A031-EA2212CEFFFB}.Release|Any CPU.ActiveCfg = Release|Any CPU
		{CD422531-1B80-1C08-A031-EA2212CEFFFB}.Release|Any CPU.Build.0 = Release|Any CPU
	EndGlobalSection
	GlobalSection(SolutionProperties) = preSolution
		HideSolutionNode = FALSE
	EndGlobalSection
EndGlobal
